
Microsoft Visual Studio Solution File, Format Version 12.00
# Visual Studio Version 17
VisualStudioVersion = 17.14.36202.13 d17.14
MinimumVisualStudioVersion = 10.0.40219.1
Project("{FAE04EC0-301F-11D3-BF4B-00C04F79EFBC}") = "ConsultaMedica", "ConsultaMedica\ConsultaMedica.csproj", "{D819175A-83B5-4912-9F39-93AC3E59F222}"
EndProject
Global
	GlobalSection(SolutionConfigurationPlatforms) = preSolution
		Debug|Any CPU = Debug|Any CPU
		Release|Any CPU = Release|Any CPU
	EndGlobalSection
	GlobalSection(ProjectConfigurationPlatforms) = postSolution
		{D819175A-83B5-4912-9F39-93AC3E59F222}.Debug|Any CPU.ActiveCfg = Debug|Any CPU
		{D819175A-83B5-4912-9F39-93AC3E59F222}.Debug|Any CPU.Build.0 = Debug|Any CPU
		{D819175A-83B5-4912-9F39-93AC3E59F222}.Release|Any CPU.ActiveCfg = Release|Any CPU
		{D819175A-83B5-4912-9F39-93AC3E59F222}.Release|Any CPU.Build.0 = Release|Any CPU
	EndGlobalSection
	GlobalSection(SolutionProperties) = preSolution
		HideSolutionNode = FALSE
	EndGlobalSection
	GlobalSection(ExtensibilityGlobals) = postSolution
		SolutionGuid = {B4D4A038-74A6-4AB3-99F5-92BA8A82102E}
	EndGlobalSection
EndGlobal
